{
  "name": "esocial-actions",
  "lockfileVersion": 3,
  "requires": true,
  "packages": {
    "": {
      "dependencies": {
        "@prettier/plugin-xml": "3.4.1",
        "husky": "9.1.6",
        "prettier": "3.3.3",
        "prettier-plugin-sh": "0.14.0",
        "prettier-plugin-sql-cst": "0.11.7"
      }
    },
    "node_modules/@prettier/plugin-xml": {
      "version": "3.4.1",
      "resolved": "https://registry.npmjs.org/@prettier/plugin-xml/-/plugin-xml-3.4.1.tgz",
      "integrity": "sha512-Uf/6/+9ez6z/IvZErgobZ2G9n1ybxF5BhCd7eMcKqfoWuOzzNUxBipNo3QAP8kRC1VD18TIo84no7LhqtyDcTg==",
      "license": "MIT",
      "dependencies": {
        "@xml-tools/parser": "^1.0.11"
      },
      "peerDependencies": {
        "prettier": "^3.0.0"
      }
    },
    "node_modules/@xml-tools/parser": {
      "version": "1.0.11",
      "resolved": "https://registry.npmjs.org/@xml-tools/parser/-/parser-1.0.11.tgz",
      "integrity": "sha512-aKqQ077XnR+oQtHJlrAflaZaL7qZsulWc/i/ZEooar5JiWj1eLt0+Wg28cpa+XLney107wXqneC+oG1IZvxkTA==",
      "license": "Apache-2.0",
      "dependencies": {
        "chevrotain": "7.1.1"
      }
    },
    "node_modules/chevrotain": {
      "version": "7.1.1",
      "resolved": "https://registry.npmjs.org/chevrotain/-/chevrotain-7.1.1.tgz",
      "integrity": "sha512-wy3mC1x4ye+O+QkEinVJkPf5u2vsrDIYW9G7ZuwFl6v/Yu0LwUuT2POsb+NUWApebyxfkQq6+yDfRExbnI5rcw==",
      "license": "Apache-2.0",
      "dependencies": {
        "regexp-to-ast": "0.5.0"
      }
    },
    "node_modules/husky": {
      "version": "9.1.6",
      "resolved": "https://registry.npmjs.org/husky/-/husky-9.1.6.tgz",
      "integrity": "sha512-sqbjZKK7kf44hfdE94EoX8MZNk0n7HeW37O4YrVGCF4wzgQjp+akPAkfUK5LZ6KuR/6sqeAVuXHji+RzQgOn5A==",
      "license": "MIT",
      "bin": {
        "husky": "bin.js"
      },
      "engines": {
        "node": ">=18"
      },
      "funding": {
        "url": "https://github.com/sponsors/typicode"
      }
    },
    "node_modules/mvdan-sh": {
      "version": "0.10.1",
      "resolved": "https://registry.npmjs.org/mvdan-sh/-/mvdan-sh-0.10.1.tgz",
      "integrity": "sha512-kMbrH0EObaKmK3nVRKUIIya1dpASHIEusM13S4V1ViHFuxuNxCo+arxoa6j/dbV22YBGjl7UKJm9QQKJ2Crzhg==",
      "license": "BSD-3-Clause"
    },
    "node_modules/prettier": {
      "version": "3.3.3",
      "resolved": "https://registry.npmjs.org/prettier/-/prettier-3.3.3.tgz",
      "integrity": "sha512-i2tDNA0O5IrMO757lfrdQZCc2jPNDVntV0m/+4whiDfWaTKfMNgR7Qz0NAeGz/nRqF4m5/6CLzbP4/liHt12Ew==",
      "license": "MIT",
      "bin": {
        "prettier": "bin/prettier.cjs"
      },
      "engines": {
        "node": ">=14"
      },
      "funding": {
        "url": "https://github.com/prettier/prettier?sponsor=1"
      }
    },
    "node_modules/prettier-plugin-sh": {
      "version": "0.14.0",
      "resolved": "https://registry.npmjs.org/prettier-plugin-sh/-/prettier-plugin-sh-0.14.0.tgz",
      "integrity": "sha512-hfXulj5+zEl/ulrO5kMuuTPKmXvOg0bnLHY1hKFNN/N+/903iZbNp8NyZBTsgI8dtkSgFfAEIQq0IQTyP1ZVFQ==",
      "license": "MIT",
      "dependencies": {
        "mvdan-sh": "^0.10.1",
        "sh-syntax": "^0.4.1"
      },
      "engines": {
        "node": ">=16.0.0"
      },
      "funding": {
        "url": "https://opencollective.com/unts"
      },
      "peerDependencies": {
        "prettier": "^3.0.3"
      }
    },
    "node_modules/prettier-plugin-sql-cst": {
      "version": "0.11.7",
      "resolved": "https://registry.npmjs.org/prettier-plugin-sql-cst/-/prettier-plugin-sql-cst-0.11.7.tgz",
      "integrity": "sha512-A1QJG4zXjOpBHOlgr3bZfSv7VtcsbL1kbFIVasRKQfZxTP4fRLAL+tL7eKxStmQAxlftkxEsC25dPKnqf55Upg==",
      "license": "GPL-3.0-or-later",
      "dependencies": {
        "prettier": "^3.0.3",
        "sql-parser-cst": "^0.28.1"
      }
    },
    "node_modules/regexp-to-ast": {
      "version": "0.5.0",
      "resolved": "https://registry.npmjs.org/regexp-to-ast/-/regexp-to-ast-0.5.0.tgz",
      "integrity": "sha512-tlbJqcMHnPKI9zSrystikWKwHkBqu2a/Sgw01h3zFjvYrMxEDYHzzoMZnUrbIfpTFEsoRnnviOXNCzFiSc54Qw==",
      "license": "MIT"
    },
    "node_modules/sh-syntax": {
      "version": "0.4.2",
      "resolved": "https://registry.npmjs.org/sh-syntax/-/sh-syntax-0.4.2.tgz",
      "integrity": "sha512-/l2UZ5fhGZLVZa16XQM9/Vq/hezGGbdHeVEA01uWjOL1+7Ek/gt6FquW0iKKws4a9AYPYvlz6RyVvjh3JxOteg==",
      "license": "MIT",
      "dependencies": {
        "tslib": "^2.6.2"
      },
      "engines": {
        "node": ">=16.0.0"
      },
      "funding": {
        "url": "https://opencollective.com/unts"
      }
    },
    "node_modules/sql-parser-cst": {
      "version": "0.28.1",
      "resolved": "https://registry.npmjs.org/sql-parser-cst/-/sql-parser-cst-0.28.1.tgz",
      "integrity": "sha512-m0CW4hxiMV4dySY9P+bkBvuSULQ4u0NuuQrkVSENUCf103+m24EQ6oARwcDYbHE1pBw5HOwU88VgB9h8yqWc9g==",
      "license": "GPL-2.0-or-later"
    },
    "node_modules/tslib": {
      "version": "2.7.0",
      "resolved": "https://registry.npmjs.org/tslib/-/tslib-2.7.0.tgz",
      "integrity": "sha512-gLXCKdN1/j47AiHiOkJN69hJmcbGTHI0ImLmbYLHykhgeN0jVGola9yVjFgzCUklsZQMW55o+dW7IXv3RCXDzA==",
      "license": "0BSD"
    }
  }
}
